
Microsoft Visual Studio Solution File, Format Version 12.00
# Visual Studio Version 17
VisualStudioVersion = 17.0.31903.59
MinimumVisualStudioVersion = 10.0.40219.1
Project("{2150E333-8FDC-42A3-9474-1A3956D46DE8}") = "src", "src", "{827E0CD3-B72D-47B6-A68D-7590B98EB39B}"
EndProject
Project("{FAE04EC0-301F-11D3-BF4B-00C04F79EFBC}") = "Esri.Geometry.Core", "src\Esri.Geometry.Core\Esri.Geometry.Core.csproj", "{77128025-D392-40D4-A5F4-133D3AFF4ED1}"
EndProject
Project("{FAE04EC0-301F-11D3-BF4B-00C04F79EFBC}") = "Esri.Geometry.Json", "src\Esri.Geometry.Json\Esri.Geometry.Json.csproj", "{2C90D9EA-61AD-4317-8B7A-26A3F6FB3FEA}"
EndProject
Project("{2150E333-8FDC-42A3-9474-1A3956D46DE8}") = "tests", "tests", "{0AB3BF05-4346-4AA6-1389-037BE0695223}"
EndProject
Project("{FAE04EC0-301F-11D3-BF4B-00C04F79EFBC}") = "Esri.Geometry.Tests", "tests\Esri.Geometry.Tests\Esri.Geometry.Tests.csproj", "{0156981E-14C2-4521-B80B-627D9911443B}"
EndProject
Project("{2150E333-8FDC-42A3-9474-1A3956D46DE8}") = "samples", "samples", "{5D20AA90-6969-D8BD-9DCD-8634F4692FDA}"
EndProject
Project("{FAE04EC0-301F-11D3-BF4B-00C04F79EFBC}") = "Esri.Geometry.Samples", "samples\Esri.Geometry.Samples\Esri.Geometry.Samples.csproj", "{1B79FC36-9C23-4909-A585-602B2CDE0327}"
EndProject
Global
	GlobalSection(SolutionConfigurationPlatforms) = preSolution
		Debug|Any CPU = Debug|Any CPU
		Debug|x64 = Debug|x64
		Debug|x86 = Debug|x86
		Release|Any CPU = Release|Any CPU
		Release|x64 = Release|x64
		Release|x86 = Release|x86
	EndGlobalSection
	GlobalSection(ProjectConfigurationPlatforms) = postSolution
		{77128025-D392-40D4-A5F4-133D3AFF4ED1}.Debug|Any CPU.ActiveCfg = Debug|Any CPU
		{77128025-D392-40D4-A5F4-133D3AFF4ED1}.Debug|Any CPU.Build.0 = Debug|Any CPU
		{77128025-D392-40D4-A5F4-133D3AFF4ED1}.Debug|x64.ActiveCfg = Debug|Any CPU
		{77128025-D392-40D4-A5F4-133D3AFF4ED1}.Debug|x64.Build.0 = Debug|Any CPU
		{77128025-D392-40D4-A5F4-133D3AFF4ED1}.Debug|x86.ActiveCfg = Debug|Any CPU
		{77128025-D392-40D4-A5F4-133D3AFF4ED1}.Debug|x86.Build.0 = Debug|Any CPU
		{77128025-D392-40D4-A5F4-133D3AFF4ED1}.Release|Any CPU.ActiveCfg = Release|Any CPU
		{77128025-D392-40D4-A5F4-133D3AFF4ED1}.Release|Any CPU.Build.0 = Release|Any CPU
		{77128025-D392-40D4-A5F4-133D3AFF4ED1}.Release|x64.ActiveCfg = Release|Any CPU
		{77128025-D392-40D4-A5F4-133D3AFF4ED1}.Release|x64.Build.0 = Release|Any CPU
		{77128025-D392-40D4-A5F4-133D3AFF4ED1}.Release|x86.ActiveCfg = Release|Any CPU
		{77128025-D392-40D4-A5F4-133D3AFF4ED1}.Release|x86.Build.0 = Release|Any CPU
		{2C90D9EA-61AD-4317-8B7A-26A3F6FB3FEA}.Debug|Any CPU.ActiveCfg = Debug|Any CPU
		{2C90D9EA-61AD-4317-8B7A-26A3F6FB3FEA}.Debug|Any CPU.Build.0 = Debug|Any CPU
		{2C90D9EA-61AD-4317-8B7A-26A3F6FB3FEA}.Debug|x64.ActiveCfg = Debug|Any CPU
		{2C90D9EA-61AD-4317-8B7A-26A3F6FB3FEA}.Debug|x64.Build.0 = Debug|Any CPU
		{2C90D9EA-61AD-4317-8B7A-26A3F6FB3FEA}.Debug|x86.ActiveCfg = Debug|Any CPU
		{2C90D9EA-61AD-4317-8B7A-26A3F6FB3FEA}.Debug|x86.Build.0 = Debug|Any CPU
		{2C90D9EA-61AD-4317-8B7A-26A3F6FB3FEA}.Release|Any CPU.ActiveCfg = Release|Any CPU
		{2C90D9EA-61AD-4317-8B7A-26A3F6FB3FEA}.Release|Any CPU.Build.0 = Release|Any CPU
		{2C90D9EA-61AD-4317-8B7A-26A3F6FB3FEA}.Release|x64.ActiveCfg = Release|Any CPU
		{2C90D9EA-61AD-4317-8B7A-26A3F6FB3FEA}.Release|x64.Build.0 = Release|Any CPU
		{2C90D9EA-61AD-4317-8B7A-26A3F6FB3FEA}.Release|x86.ActiveCfg = Release|Any CPU
		{2C90D9EA-61AD-4317-8B7A-26A3F6FB3FEA}.Release|x86.Build.0 = Release|Any CPU
		{0156981E-14C2-4521-B80B-627D9911443B}.Debug|Any CPU.ActiveCfg = Debug|Any CPU
		{0156981E-14C2-4521-B80B-627D9911443B}.Debug|Any CPU.Build.0 = Debug|Any CPU
		{0156981E-14C2-4521-B80B-627D9911443B}.Debug|x64.ActiveCfg = Debug|Any CPU
		{0156981E-14C2-4521-B80B-627D9911443B}.Debug|x64.Build.0 = Debug|Any CPU
		{0156981E-14C2-4521-B80B-627D9911443B}.Debug|x86.ActiveCfg = Debug|Any CPU
		{0156981E-14C2-4521-B80B-627D9911443B}.Debug|x86.Build.0 = Debug|Any CPU
		{0156981E-14C2-4521-B80B-627D9911443B}.Release|Any CPU.ActiveCfg = Release|Any CPU
		{0156981E-14C2-4521-B80B-627D9911443B}.Release|Any CPU.Build.0 = Release|Any CPU
		{0156981E-14C2-4521-B80B-627D9911443B}.Release|x64.ActiveCfg = Release|Any CPU
		{0156981E-14C2-4521-B80B-627D9911443B}.Release|x64.Build.0 = Release|Any CPU
		{0156981E-14C2-4521-B80B-627D9911443B}.Release|x86.ActiveCfg = Release|Any CPU
		{0156981E-14C2-4521-B80B-627D9911443B}.Release|x86.Build.0 = Release|Any CPU
		{1B79FC36-9C23-4909-A585-602B2CDE0327}.Debug|Any CPU.ActiveCfg = Debug|Any CPU
		{1B79FC36-9C23-4909-A585-602B2CDE0327}.Debug|Any CPU.Build.0 = Debug|Any CPU
		{1B79FC36-9C23-4909-A585-602B2CDE0327}.Debug|x64.ActiveCfg = Debug|Any CPU
		{1B79FC36-9C23-4909-A585-602B2CDE0327}.Debug|x64.Build.0 = Debug|Any CPU
		{1B79FC36-9C23-4909-A585-602B2CDE0327}.Debug|x86.ActiveCfg = Debug|Any CPU
		{1B79FC36-9C23-4909-A585-602B2CDE0327}.Debug|x86.Build.0 = Debug|Any CPU
		{1B79FC36-9C23-4909-A585-602B2CDE0327}.Release|Any CPU.ActiveCfg = Release|Any CPU
		{1B79FC36-9C23-4909-A585-602B2CDE0327}.Release|Any CPU.Build.0 = Release|Any CPU
		{1B79FC36-9C23-4909-A585-602B2CDE0327}.Release|x64.ActiveCfg = Release|Any CPU
		{1B79FC36-9C23-4909-A585-602B2CDE0327}.Release|x64.Build.0 = Release|Any CPU
		{1B79FC36-9C23-4909-A585-602B2CDE0327}.Release|x86.ActiveCfg = Release|Any CPU
		{1B79FC36-9C23-4909-A585-602B2CDE0327}.Release|x86.Build.0 = Release|Any CPU
	EndGlobalSection
	GlobalSection(SolutionProperties) = preSolution
		HideSolutionNode = FALSE
	EndGlobalSection
	GlobalSection(NestedProjects) = preSolution
		{77128025-D392-40D4-A5F4-133D3AFF4ED1} = {827E0CD3-B72D-47B6-A68D-7590B98EB39B}
		{2C90D9EA-61AD-4317-8B7A-26A3F6FB3FEA} = {827E0CD3-B72D-47B6-A68D-7590B98EB39B}
		{0156981E-14C2-4521-B80B-627D9911443B} = {0AB3BF05-4346-4AA6-1389-037BE0695223}
		{1B79FC36-9C23-4909-A585-602B2CDE0327} = {5D20AA90-6969-D8BD-9DCD-8634F4692FDA}
	EndGlobalSection
EndGlobal
